{
  "name": "@jsonkao/snowpack-plugin-posthtml",
  "version": "0.3.0",
  "lockfileVersion": 2,
  "requires": true,
  "packages": {
    "": {
      "name": "@jsonkao/snowpack-plugin-posthtml",
      "version": "0.3.0",
      "license": "MIT",
      "dependencies": {
        "posthtml": "^0.15.1",
        "posthtml-load-config": "^2.0.0"
      }
    },
    "node_modules/argparse": {
      "version": "1.0.10",
      "resolved": "https://registry.npmjs.org/argparse/-/argparse-1.0.10.tgz",
      "integrity": "sha512-o5Roy6tNG4SL/FOkCAN6RzjiakZS25RLYFrcMttJqbdd8BWrnA+fGz57iN5Pb06pvBGvl5gQ0B48dJlslXvoTg==",
      "dependencies": {
        "sprintf-js": "~1.0.2"
      }
    },
    "node_modules/cosmiconfig": {
      "version": "2.2.2",
      "resolved": "https://registry.npmjs.org/cosmiconfig/-/cosmiconfig-2.2.2.tgz",
      "integrity": "sha512-GiNXLwAFPYHy25XmTPpafYvn3CLAkJ8FLsscq78MQd1Kh0OU6Yzhn4eV2MVF4G9WEQZoWEGltatdR+ntGPMl5A==",
      "dependencies": {
        "is-directory": "^0.3.1",
        "js-yaml": "^3.4.3",
        "minimist": "^1.2.0",
        "object-assign": "^4.1.0",
        "os-homedir": "^1.0.1",
        "parse-json": "^2.2.0",
        "require-from-string": "^1.1.0"
      },
      "engines": {
        "node": ">=0.12"
      }
    },
    "node_modules/dom-serializer": {
      "version": "1.2.0",
      "resolved": "https://registry.npmjs.org/dom-serializer/-/dom-serializer-1.2.0.tgz",
      "integrity": "sha512-n6kZFH/KlCrqs/1GHMOd5i2fd/beQHuehKdWvNNffbGHTr/almdhuVvTVFb3V7fglz+nC50fFusu3lY33h12pA==",
      "dependencies": {
        "domelementtype": "^2.0.1",
        "domhandler": "^4.0.0",
        "entities": "^2.0.0"
      },
      "funding": {
        "url": "https://github.com/cheeriojs/dom-serializer?sponsor=1"
      }
    },
    "node_modules/dom-serializer/node_modules/domhandler": {
      "version": "4.0.0",
      "resolved": "https://registry.npmjs.org/domhandler/-/domhandler-4.0.0.tgz",
      "integrity": "sha512-KPTbnGQ1JeEMQyO1iYXoagsI6so/C96HZiFyByU3T6iAzpXn8EGEvct6unm1ZGoed8ByO2oirxgwxBmqKF9haA==",
      "dependencies": {
        "domelementtype": "^2.1.0"
      },
      "engines": {
        "node": ">= 4"
      },
      "funding": {
        "url": "https://github.com/fb55/domhandler?sponsor=1"
      }
    },
    "node_modules/domelementtype": {
      "version": "2.1.0",
      "resolved": "https://registry.npmjs.org/domelementtype/-/domelementtype-2.1.0.tgz",
      "integrity": "sha512-LsTgx/L5VpD+Q8lmsXSHW2WpA+eBlZ9HPf3erD1IoPF00/3JKHZ3BknUVA2QGDNu69ZNmyFmCWBSO45XjYKC5w==",
      "funding": [
        {
          "type": "github",
          "url": "https://github.com/sponsors/fb55"
        }
      ]
    },
    "node_modules/domhandler": {
      "version": "3.3.0",
      "resolved": "https://registry.npmjs.org/domhandler/-/domhandler-3.3.0.tgz",
      "integrity": "sha512-J1C5rIANUbuYK+FuFL98650rihynUOEzRLxW+90bKZRWB6A1X1Tf82GxR1qAWLyfNPRvjqfip3Q5tdYlmAa9lA==",
      "dependencies": {
        "domelementtype": "^2.0.1"
      },
      "engines": {
        "node": ">= 4"
      },
      "funding": {
        "url": "https://github.com/fb55/domhandler?sponsor=1"
      }
    },
    "node_modules/domutils": {
      "version": "2.5.0",
      "resolved": "https://registry.npmjs.org/domutils/-/domutils-2.5.0.tgz",
      "integrity": "sha512-Ho16rzNMOFk2fPwChGh3D2D9OEHAfG19HgmRR2l+WLSsIstNsAYBzePH412bL0y5T44ejABIVfTHQ8nqi/tBCg==",
      "dependencies": {
        "dom-serializer": "^1.0.1",
        "domelementtype": "^2.0.1",
        "domhandler": "^4.0.0"
      },
      "funding": {
        "url": "https://github.com/fb55/domutils?sponsor=1"
      }
    },
    "node_modules/domutils/node_modules/domhandler": {
      "version": "4.0.0",
      "resolved": "https://registry.npmjs.org/domhandler/-/domhandler-4.0.0.tgz",
      "integrity": "sha512-KPTbnGQ1JeEMQyO1iYXoagsI6so/C96HZiFyByU3T6iAzpXn8EGEvct6unm1ZGoed8ByO2oirxgwxBmqKF9haA==",
      "dependencies": {
        "domelementtype": "^2.1.0"
      },
      "engines": {
        "node": ">= 4"
      },
      "funding": {
        "url": "https://github.com/fb55/domhandler?sponsor=1"
      }
    },
    "node_modules/entities": {
      "version": "2.2.0",
      "resolved": "https://registry.npmjs.org/entities/-/entities-2.2.0.tgz",
      "integrity": "sha512-p92if5Nz619I0w+akJrLZH0MX0Pb5DX39XOwQTtXSdQQOaYH03S1uIQp4mhOZtAXrxq4ViO67YTiLBo2638o9A==",
      "funding": {
        "url": "https://github.com/fb55/entities?sponsor=1"
      }
    },
    "node_modules/error-ex": {
      "version": "1.3.2",
      "resolved": "https://registry.npmjs.org/error-ex/-/error-ex-1.3.2.tgz",
      "integrity": "sha512-7dFHNmqeFSEt2ZBsCriorKnn3Z2pj+fd9kmI6QoWw4//DL+icEBfc0U7qJCisqrTsKTjw4fNFy2pW9OqStD84g==",
      "dependencies": {
        "is-arrayish": "^0.2.1"
      }
    },
    "node_modules/esprima": {
      "version": "4.0.1",
      "resolved": "https://registry.npmjs.org/esprima/-/esprima-4.0.1.tgz",
      "integrity": "sha512-eGuFFw7Upda+g4p+QHvnW0RyTX/SVeJBDM/gCtMARO0cLuT2HcEKnTPvhjV6aGeqrCB/sbNop0Kszm0jsaWU4A==",
      "bin": {
        "esparse": "bin/esparse.js",
        "esvalidate": "bin/esvalidate.js"
      },
      "engines": {
        "node": ">=4"
      }
    },
    "node_modules/htmlparser2": {
      "version": "5.0.1",
      "resolved": "https://registry.npmjs.org/htmlparser2/-/htmlparser2-5.0.1.tgz",
      "integrity": "sha512-vKZZra6CSe9qsJzh0BjBGXo8dvzNsq/oGvsjfRdOrrryfeD9UOBEEQdeoqCRmKZchF5h2zOBMQ6YuQ0uRUmdbQ==",
      "dependencies": {
        "domelementtype": "^2.0.1",
        "domhandler": "^3.3.0",
        "domutils": "^2.4.2",
        "entities": "^2.0.0"
      },
      "funding": {
        "url": "https://github.com/fb55/htmlparser2?sponsor=1"
      }
    },
    "node_modules/is-arrayish": {
      "version": "0.2.1",
      "resolved": "https://registry.npmjs.org/is-arrayish/-/is-arrayish-0.2.1.tgz",
      "integrity": "sha1-d8mYQFJ6qOyxqLppe4BkWnqSap0="
    },
    "node_modules/is-directory": {
      "version": "0.3.1",
      "resolved": "https://registry.npmjs.org/is-directory/-/is-directory-0.3.1.tgz",
      "integrity": "sha1-YTObbyR1/Hcv2cnYP1yFddwVSuE=",
      "engines": {
        "node": ">=0.10.0"
      }
    },
    "node_modules/js-yaml": {
      "version": "3.14.1",
      "resolved": "https://registry.npmjs.org/js-yaml/-/js-yaml-3.14.1.tgz",
      "integrity": "sha512-okMH7OXXJ7YrN9Ok3/SXrnu4iX9yOk+25nqX4imS2npuvTYDmo/QEZoqwZkYaIDk3jVvBOTOIEgEhaLOynBS9g==",
      "dependencies": {
        "argparse": "^1.0.7",
        "esprima": "^4.0.0"
      },
      "bin": {
        "js-yaml": "bin/js-yaml.js"
      }
    },
    "node_modules/minimist": {
      "version": "1.2.5",
      "resolved": "https://registry.npmjs.org/minimist/-/minimist-1.2.5.tgz",
      "integrity": "sha512-FM9nNUYrRBAELZQT3xeZQ7fmMOBg6nWNmJKTcgsJeaLstP/UODVpGsr5OhXhhXg6f+qtJ8uiZ+PUxkDWcgIXLw=="
    },
    "node_modules/object-assign": {
      "version": "4.1.1",
      "resolved": "https://registry.npmjs.org/object-assign/-/object-assign-4.1.1.tgz",
      "integrity": "sha1-IQmtx5ZYh8/AXLvUQsrIv7s2CGM=",
      "engines": {
        "node": ">=0.10.0"
      }
    },
    "node_modules/os-homedir": {
      "version": "1.0.2",
      "resolved": "https://registry.npmjs.org/os-homedir/-/os-homedir-1.0.2.tgz",
      "integrity": "sha1-/7xJiDNuDoM94MFox+8VISGqf7M=",
      "engines": {
        "node": ">=0.10.0"
      }
    },
    "node_modules/parse-json": {
      "version": "2.2.0",
      "resolved": "https://registry.npmjs.org/parse-json/-/parse-json-2.2.0.tgz",
      "integrity": "sha1-9ID0BDTvgHQfhGkJn43qGPVaTck=",
      "dependencies": {
        "error-ex": "^1.2.0"
      },
      "engines": {
        "node": ">=0.10.0"
      }
    },
    "node_modules/posthtml": {
      "version": "0.15.1",
      "resolved": "https://registry.npmjs.org/posthtml/-/posthtml-0.15.1.tgz",
      "integrity": "sha512-QSnUnvnnRv+wt7T9igqNG7GPcc+ZsbX93X+9aPldzgiuQfqIXTbnD47FY8pAtq4gjB9QZrDadDuG8jusmOPpYA==",
      "dependencies": {
        "posthtml-parser": "^0.6.0",
        "posthtml-render": "^1.2.3"
      },
      "engines": {
        "node": ">=10.0.0"
      }
    },
    "node_modules/posthtml-load-config": {
      "version": "2.0.0",
      "resolved": "https://registry.npmjs.org/posthtml-load-config/-/posthtml-load-config-2.0.0.tgz",
      "integrity": "sha512-HqHQbE19mOl7JrLGweDqbh+CAydjsQCdKd9P8d9RMH1PKq33uO1oSIOF1f5DL7Oda9zsekrr4GYytjTbG7Fm1w==",
      "dependencies": {
        "cosmiconfig": "^2.1.0",
        "posthtml-load-options": "^1.0.0"
      },
      "engines": {
        "node": ">=10"
      }
    },
    "node_modules/posthtml-load-options": {
      "version": "1.0.0",
      "resolved": "https://registry.npmjs.org/posthtml-load-options/-/posthtml-load-options-1.0.0.tgz",
      "integrity": "sha1-X5pvP/wCQmmDQcN2Gde8M3/smEQ=",
      "dependencies": {
        "cosmiconfig": "^2.1.0"
      },
      "engines": {
        "node": ">=4",
        "npm": ">=3"
      }
    },
    "node_modules/posthtml-parser": {
      "version": "0.6.0",
      "resolved": "https://registry.npmjs.org/posthtml-parser/-/posthtml-parser-0.6.0.tgz",
      "integrity": "sha512-5ffwKQNgtVHdhZniWxu+1ryvaZv5l25HPLUV6W5xy5nYVWMXtvjtwRnbSpfbKFvbyl7XI+d4AqkjmonkREqnXA==",
      "dependencies": {
        "htmlparser2": "^5.0.1"
      },
      "engines": {
        "node": ">=10.0.0"
      },
      "funding": {
        "type": "patreon",
        "url": "https://opencollective.com/posthtml"
      }
    },
    "node_modules/posthtml-render": {
      "version": "1.3.1",
      "resolved": "https://registry.npmjs.org/posthtml-render/-/posthtml-render-1.3.1.tgz",
      "integrity": "sha512-eSToKjNLu0FiF76SSGMHjOFXYzAc/CJqi677Sq6hYvcvFCBtD6de/W5l+0IYPf7ypscqAfjCttxvTdMJt5Gj8Q==",
      "engines": {
        "node": ">=10"
      }
    },
    "node_modules/require-from-string": {
      "version": "1.2.1",
      "resolved": "https://registry.npmjs.org/require-from-string/-/require-from-string-1.2.1.tgz",
      "integrity": "sha1-UpyczvJzgK3+yaL5ZbZJu+5jZBg=",
      "engines": {
        "node": ">=0.10.0"
      }
    },
    "node_modules/sprintf-js": {
      "version": "1.0.3",
      "resolved": "https://registry.npmjs.org/sprintf-js/-/sprintf-js-1.0.3.tgz",
      "integrity": "sha1-BOaSb2YolTVPPdAVIDYzuFcpfiw="
    }
  },
  "dependencies": {
    "argparse": {
      "version": "1.0.10",
      "resolved": "https://registry.npmjs.org/argparse/-/argparse-1.0.10.tgz",
      "integrity": "sha512-o5Roy6tNG4SL/FOkCAN6RzjiakZS25RLYFrcMttJqbdd8BWrnA+fGz57iN5Pb06pvBGvl5gQ0B48dJlslXvoTg==",
      "requires": {
        "sprintf-js": "~1.0.2"
      }
    },
    "cosmiconfig": {
      "version": "2.2.2",
      "resolved": "https://registry.npmjs.org/cosmiconfig/-/cosmiconfig-2.2.2.tgz",
      "integrity": "sha512-GiNXLwAFPYHy25XmTPpafYvn3CLAkJ8FLsscq78MQd1Kh0OU6Yzhn4eV2MVF4G9WEQZoWEGltatdR+ntGPMl5A==",
      "requires": {
        "is-directory": "^0.3.1",
        "js-yaml": "^3.4.3",
        "minimist": "^1.2.0",
        "object-assign": "^4.1.0",
        "os-homedir": "^1.0.1",
        "parse-json": "^2.2.0",
        "require-from-string": "^1.1.0"
      }
    },
    "dom-serializer": {
      "version": "1.2.0",
      "resolved": "https://registry.npmjs.org/dom-serializer/-/dom-serializer-1.2.0.tgz",
      "integrity": "sha512-n6kZFH/KlCrqs/1GHMOd5i2fd/beQHuehKdWvNNffbGHTr/almdhuVvTVFb3V7fglz+nC50fFusu3lY33h12pA==",
      "requires": {
        "domelementtype": "^2.0.1",
        "domhandler": "^4.0.0",
        "entities": "^2.0.0"
      },
      "dependencies": {
        "domhandler": {
          "version": "4.0.0",
          "resolved": "https://registry.npmjs.org/domhandler/-/domhandler-4.0.0.tgz",
          "integrity": "sha512-KPTbnGQ1JeEMQyO1iYXoagsI6so/C96HZiFyByU3T6iAzpXn8EGEvct6unm1ZGoed8ByO2oirxgwxBmqKF9haA==",
          "requires": {
            "domelementtype": "^2.1.0"
          }
        }
      }
    },
    "domelementtype": {
      "version": "2.1.0",
      "resolved": "https://registry.npmjs.org/domelementtype/-/domelementtype-2.1.0.tgz",
      "integrity": "sha512-LsTgx/L5VpD+Q8lmsXSHW2WpA+eBlZ9HPf3erD1IoPF00/3JKHZ3BknUVA2QGDNu69ZNmyFmCWBSO45XjYKC5w=="
    },
    "domhandler": {
      "version": "3.3.0",
      "resolved": "https://registry.npmjs.org/domhandler/-/domhandler-3.3.0.tgz",
      "integrity": "sha512-J1C5rIANUbuYK+FuFL98650rihynUOEzRLxW+90bKZRWB6A1X1Tf82GxR1qAWLyfNPRvjqfip3Q5tdYlmAa9lA==",
      "requires": {
        "domelementtype": "^2.0.1"
      }
    },
    "domutils": {
      "version": "2.5.0",
      "resolved": "https://registry.npmjs.org/domutils/-/domutils-2.5.0.tgz",
      "integrity": "sha512-Ho16rzNMOFk2fPwChGh3D2D9OEHAfG19HgmRR2l+WLSsIstNsAYBzePH412bL0y5T44ejABIVfTHQ8nqi/tBCg==",
      "requires": {
        "dom-serializer": "^1.0.1",
        "domelementtype": "^2.0.1",
        "domhandler": "^4.0.0"
      },
      "dependencies": {
        "domhandler": {
          "version": "4.0.0",
          "resolved": "https://registry.npmjs.org/domhandler/-/domhandler-4.0.0.tgz",
          "integrity": "sha512-KPTbnGQ1JeEMQyO1iYXoagsI6so/C96HZiFyByU3T6iAzpXn8EGEvct6unm1ZGoed8ByO2oirxgwxBmqKF9haA==",
          "requires": {
            "domelementtype": "^2.1.0"
          }
        }
      }
    },
    "entities": {
      "version": "2.2.0",
      "resolved": "https://registry.npmjs.org/entities/-/entities-2.2.0.tgz",
      "integrity": "sha512-p92if5Nz619I0w+akJrLZH0MX0Pb5DX39XOwQTtXSdQQOaYH03S1uIQp4mhOZtAXrxq4ViO67YTiLBo2638o9A=="
    },
    "error-ex": {
      "version": "1.3.2",
      "resolved": "https://registry.npmjs.org/error-ex/-/error-ex-1.3.2.tgz",
      "integrity": "sha512-7dFHNmqeFSEt2ZBsCriorKnn3Z2pj+fd9kmI6QoWw4//DL+icEBfc0U7qJCisqrTsKTjw4fNFy2pW9OqStD84g==",
      "requires": {
        "is-arrayish": "^0.2.1"
      }
    },
    "esprima": {
      "version": "4.0.1",
      "resolved": "https://registry.npmjs.org/esprima/-/esprima-4.0.1.tgz",
      "integrity": "sha512-eGuFFw7Upda+g4p+QHvnW0RyTX/SVeJBDM/gCtMARO0cLuT2HcEKnTPvhjV6aGeqrCB/sbNop0Kszm0jsaWU4A=="
    },
    "htmlparser2": {
      "version": "5.0.1",
      "resolved": "https://registry.npmjs.org/htmlparser2/-/htmlparser2-5.0.1.tgz",
      "integrity": "sha512-vKZZra6CSe9qsJzh0BjBGXo8dvzNsq/oGvsjfRdOrrryfeD9UOBEEQdeoqCRmKZchF5h2zOBMQ6YuQ0uRUmdbQ==",
      "requires": {
        "domelementtype": "^2.0.1",
        "domhandler": "^3.3.0",
        "domutils": "^2.4.2",
        "entities": "^2.0.0"
      }
    },
    "is-arrayish": {
      "version": "0.2.1",
      "resolved": "https://registry.npmjs.org/is-arrayish/-/is-arrayish-0.2.1.tgz",
      "integrity": "sha1-d8mYQFJ6qOyxqLppe4BkWnqSap0="
    },
    "is-directory": {
      "version": "0.3.1",
      "resolved": "https://registry.npmjs.org/is-directory/-/is-directory-0.3.1.tgz",
      "integrity": "sha1-YTObbyR1/Hcv2cnYP1yFddwVSuE="
    },
    "js-yaml": {
      "version": "3.14.1",
      "resolved": "https://registry.npmjs.org/js-yaml/-/js-yaml-3.14.1.tgz",
      "integrity": "sha512-okMH7OXXJ7YrN9Ok3/SXrnu4iX9yOk+25nqX4imS2npuvTYDmo/QEZoqwZkYaIDk3jVvBOTOIEgEhaLOynBS9g==",
      "requires": {
        "argparse": "^1.0.7",
        "esprima": "^4.0.0"
      }
    },
    "minimist": {
      "version": "1.2.5",
      "resolved": "https://registry.npmjs.org/minimist/-/minimist-1.2.5.tgz",
      "integrity": "sha512-FM9nNUYrRBAELZQT3xeZQ7fmMOBg6nWNmJKTcgsJeaLstP/UODVpGsr5OhXhhXg6f+qtJ8uiZ+PUxkDWcgIXLw=="
    },
    "object-assign": {
      "version": "4.1.1",
      "resolved": "https://registry.npmjs.org/object-assign/-/object-assign-4.1.1.tgz",
      "integrity": "sha1-IQmtx5ZYh8/AXLvUQsrIv7s2CGM="
    },
    "os-homedir": {
      "version": "1.0.2",
      "resolved": "https://registry.npmjs.org/os-homedir/-/os-homedir-1.0.2.tgz",
      "integrity": "sha1-/7xJiDNuDoM94MFox+8VISGqf7M="
    },
    "parse-json": {
      "version": "2.2.0",
      "resolved": "https://registry.npmjs.org/parse-json/-/parse-json-2.2.0.tgz",
      "integrity": "sha1-9ID0BDTvgHQfhGkJn43qGPVaTck=",
      "requires": {
        "error-ex": "^1.2.0"
      }
    },
    "posthtml": {
      "version": "0.15.1",
      "resolved": "https://registry.npmjs.org/posthtml/-/posthtml-0.15.1.tgz",
      "integrity": "sha512-QSnUnvnnRv+wt7T9igqNG7GPcc+ZsbX93X+9aPldzgiuQfqIXTbnD47FY8pAtq4gjB9QZrDadDuG8jusmOPpYA==",
      "requires": {
        "posthtml-parser": "^0.6.0",
        "posthtml-render": "^1.2.3"
      }
    },
    "posthtml-load-config": {
      "version": "2.0.0",
      "resolved": "https://registry.npmjs.org/posthtml-load-config/-/posthtml-load-config-2.0.0.tgz",
      "integrity": "sha512-HqHQbE19mOl7JrLGweDqbh+CAydjsQCdKd9P8d9RMH1PKq33uO1oSIOF1f5DL7Oda9zsekrr4GYytjTbG7Fm1w==",
      "requires": {
        "cosmiconfig": "^2.1.0",
        "posthtml-load-options": "^1.0.0"
      }
    },
    "posthtml-load-options": {
      "version": "1.0.0",
      "resolved": "https://registry.npmjs.org/posthtml-load-options/-/posthtml-load-options-1.0.0.tgz",
      "integrity": "sha1-X5pvP/wCQmmDQcN2Gde8M3/smEQ=",
      "requires": {
        "cosmiconfig": "^2.1.0"
      }
    },
    "posthtml-parser": {
      "version": "0.6.0",
      "resolved": "https://registry.npmjs.org/posthtml-parser/-/posthtml-parser-0.6.0.tgz",
      "integrity": "sha512-5ffwKQNgtVHdhZniWxu+1ryvaZv5l25HPLUV6W5xy5nYVWMXtvjtwRnbSpfbKFvbyl7XI+d4AqkjmonkREqnXA==",
      "requires": {
        "htmlparser2": "^5.0.1"
      }
    },
    "posthtml-render": {
      "version": "1.3.1",
      "resolved": "https://registry.npmjs.org/posthtml-render/-/posthtml-render-1.3.1.tgz",
      "integrity": "sha512-eSToKjNLu0FiF76SSGMHjOFXYzAc/CJqi677Sq6hYvcvFCBtD6de/W5l+0IYPf7ypscqAfjCttxvTdMJt5Gj8Q=="
    },
    "require-from-string": {
      "version": "1.2.1",
      "resolved": "https://registry.npmjs.org/require-from-string/-/require-from-string-1.2.1.tgz",
      "integrity": "sha1-UpyczvJzgK3+yaL5ZbZJu+5jZBg="
    },
    "sprintf-js": {
      "version": "1.0.3",
      "resolved": "https://registry.npmjs.org/sprintf-js/-/sprintf-js-1.0.3.tgz",
      "integrity": "sha1-BOaSb2YolTVPPdAVIDYzuFcpfiw="
    }
  }
}
